
Microsoft Visual Studio Solution File, Format Version 12.00
# Visual Studio Version 16
VisualStudioVersion = 16.0.28729.10
MinimumVisualStudioVersion = 10.0.40219.1
Project("{2150E333-8FDC-42A3-9474-1A3956D46DE8}") = "src", "src", "{BB4DAB1A-D093-4DF8-AAF5-F9ABFCA28515}"
EndProject
Project("{2150E333-8FDC-42A3-9474-1A3956D46DE8}") = "test", "test", "{73292976-0889-446B-B61C-13C47211599B}"
EndProject
Project("{FAE04EC0-301F-11D3-BF4B-00C04F79EFBC}") = "TheSaddestAlbum.Infrastructure", "TheSaddestAlbum.Infrastructure\TheSaddestAlbum.Infrastructure.csproj", "{676C4EB5-19A8-4504-920F-E2B5CF76A0BB}"
EndProject
Project("{FAE04EC0-301F-11D3-BF4B-00C04F79EFBC}") = "TheSaddestAlbum.Data", "TheSaddestAlbum.Data\TheSaddestAlbum.Data.csproj", "{D920B0AF-969F-4A8F-890B-98D60E0B808B}"
EndProject
Project("{2150E333-8FDC-42A3-9474-1A3956D46DE8}") = "1 - Presentation", "1 - Presentation", "{0CD12946-44C6-40CF-A4AE-7637E4B830F1}"
EndProject
Project("{FAE04EC0-301F-11D3-BF4B-00C04F79EFBC}") = "TheSaddestAlbum.WebApi", "TheSaddestAlbum.WebApi\TheSaddestAlbum.WebApi.csproj", "{9F03E6D8-5C50-4F1A-AC03-FFBCF00388EC}"
EndProject
Global
	GlobalSection(SolutionConfigurationPlatforms) = preSolution
		Debug|Any CPU = Debug|Any CPU
		Release|Any CPU = Release|Any CPU
	EndGlobalSection
	GlobalSection(ProjectConfigurationPlatforms) = postSolution
		{676C4EB5-19A8-4504-920F-E2B5CF76A0BB}.Debug|Any CPU.ActiveCfg = Debug|Any CPU
		{676C4EB5-19A8-4504-920F-E2B5CF76A0BB}.Debug|Any CPU.Build.0 = Debug|Any CPU
		{676C4EB5-19A8-4504-920F-E2B5CF76A0BB}.Release|Any CPU.ActiveCfg = Release|Any CPU
		{676C4EB5-19A8-4504-920F-E2B5CF76A0BB}.Release|Any CPU.Build.0 = Release|Any CPU
		{D920B0AF-969F-4A8F-890B-98D60E0B808B}.Debug|Any CPU.ActiveCfg = Debug|Any CPU
		{D920B0AF-969F-4A8F-890B-98D60E0B808B}.Debug|Any CPU.Build.0 = Debug|Any CPU
		{D920B0AF-969F-4A8F-890B-98D60E0B808B}.Release|Any CPU.ActiveCfg = Release|Any CPU
		{D920B0AF-969F-4A8F-890B-98D60E0B808B}.Release|Any CPU.Build.0 = Release|Any CPU
		{9F03E6D8-5C50-4F1A-AC03-FFBCF00388EC}.Debug|Any CPU.ActiveCfg = Debug|Any CPU
		{9F03E6D8-5C50-4F1A-AC03-FFBCF00388EC}.Debug|Any CPU.Build.0 = Debug|Any CPU
		{9F03E6D8-5C50-4F1A-AC03-FFBCF00388EC}.Release|Any CPU.ActiveCfg = Release|Any CPU
		{9F03E6D8-5C50-4F1A-AC03-FFBCF00388EC}.Release|Any CPU.Build.0 = Release|Any CPU
	EndGlobalSection
	GlobalSection(SolutionProperties) = preSolution
		HideSolutionNode = FALSE
	EndGlobalSection
	GlobalSection(NestedProjects) = preSolution
		{676C4EB5-19A8-4504-920F-E2B5CF76A0BB} = {BB4DAB1A-D093-4DF8-AAF5-F9ABFCA28515}
		{D920B0AF-969F-4A8F-890B-98D60E0B808B} = {BB4DAB1A-D093-4DF8-AAF5-F9ABFCA28515}
		{0CD12946-44C6-40CF-A4AE-7637E4B830F1} = {BB4DAB1A-D093-4DF8-AAF5-F9ABFCA28515}
		{9F03E6D8-5C50-4F1A-AC03-FFBCF00388EC} = {0CD12946-44C6-40CF-A4AE-7637E4B830F1}
	EndGlobalSection
	GlobalSection(ExtensibilityGlobals) = postSolution
		SolutionGuid = {316CD7A8-3A74-4EDF-B962-8B2B55353798}
	EndGlobalSection
EndGlobal
